
Microsoft Visual Studio Solution File, Format Version 12.00
# Visual Studio Version 17
VisualStudioVersion = 17.13.35818.85 d17.13
MinimumVisualStudioVersion = 10.0.40219.1
Project("{FAE04EC0-301F-11D3-BF4B-00C04F79EFBC}") = "ShoppingSystem", "ShoppingSystem\ShoppingSystem.csproj", "{FE058CE8-E250-4B3E-8EEA-09B09C13C5AB}"
EndProject
Global
	GlobalSection(SolutionConfigurationPlatforms) = preSolution
		Debug|Any CPU = Debug|Any CPU
		Release|Any CPU = Release|Any CPU
	EndGlobalSection
	GlobalSection(ProjectConfigurationPlatforms) = postSolution
		{FE058CE8-E250-4B3E-8EEA-09B09C13C5AB}.Debug|Any CPU.ActiveCfg = Debug|Any CPU
		{FE058CE8-E250-4B3E-8EEA-09B09C13C5AB}.Debug|Any CPU.Build.0 = Debug|Any CPU
		{FE058CE8-E250-4B3E-8EEA-09B09C13C5AB}.Release|Any CPU.ActiveCfg = Release|Any CPU
		{FE058CE8-E250-4B3E-8EEA-09B09C13C5AB}.Release|Any CPU.Build.0 = Release|Any CPU
	EndGlobalSection
	GlobalSection(SolutionProperties) = preSolution
		HideSolutionNode = FALSE
	EndGlobalSection
	GlobalSection(ExtensibilityGlobals) = postSolution
		SolutionGuid = {5C9043C7-DF23-495A-BACB-433AD5F6A8F0}
	EndGlobalSection
EndGlobal
